
Microsoft Visual Studio Solution File, Format Version 12.00
# Visual Studio Version 17
VisualStudioVersion = 17.0.32112.339
MinimumVisualStudioVersion = 10.0.40219.1
Project("{8BC9CEB8-8B4A-11D0-8D11-00A0C91BC942}") = "22.2.8(work3)", "22.2.8(work3)\22.2.8(work3).vcxproj", "{BFAA4E5D-BE39-49C7-9067-40624C283B67}"
EndProject
Global
	GlobalSection(SolutionConfigurationPlatforms) = preSolution
		Debug|x64 = Debug|x64
		Debug|x86 = Debug|x86
		Release|x64 = Release|x64
		Release|x86 = Release|x86
	EndGlobalSection
	GlobalSection(ProjectConfigurationPlatforms) = postSolution
		{BFAA4E5D-BE39-49C7-9067-40624C283B67}.Debug|x64.ActiveCfg = Debug|x64
		{BFAA4E5D-BE39-49C7-9067-40624C283B67}.Debug|x64.Build.0 = Debug|x64
		{BFAA4E5D-BE39-49C7-9067-40624C283B67}.Debug|x86.ActiveCfg = Debug|Win32
		{BFAA4E5D-BE39-49C7-9067-40624C283B67}.Debug|x86.Build.0 = Debug|Win32
		{BFAA4E5D-BE39-49C7-9067-40624C283B67}.Release|x64.ActiveCfg = Release|x64
		{BFAA4E5D-BE39-49C7-9067-40624C283B67}.Release|x64.Build.0 = Release|x64
		{BFAA4E5D-BE39-49C7-9067-40624C283B67}.Release|x86.ActiveCfg = Release|Win32
		{BFAA4E5D-BE39-49C7-9067-40624C283B67}.Release|x86.Build.0 = Release|Win32
	EndGlobalSection
	GlobalSection(SolutionProperties) = preSolution
		HideSolutionNode = FALSE
	EndGlobalSection
	GlobalSection(ExtensibilityGlobals) = postSolution
		SolutionGuid = {A2F7361A-6BAE-4936-B8D9-10843398B39E}
	EndGlobalSection
EndGlobal
